// !$*UTF8*$!
{
	archiveVersion = 1;
	classes = {
	};
	objectVersion = 56;
	objects = {

/* Begin PBXBuildFile section */
		FBB3BE922CECFCBF00FF4099 /* AppDelegate.swift in Sources */ = {isa = PBXBuildFile; fileRef = FBB3BE912CECFCBF00FF4099 /* AppDelegate.swift */; };
		FBB3BE942CECFCBF00FF4099 /* SceneDelegate.swift in Sources */ = {isa = PBXBuildFile; fileRef = FBB3BE932CECFCBF00FF4099 /* SceneDelegate.swift */; };
		FBB3BE962CECFCBF00FF4099 /* ViewController.swift in Sources */ = {isa = PBXBuildFile; fileRef = FBB3BE952CECFCBF00FF4099 /* ViewController.swift */; };
		FBB3BE992CECFCBF00FF4099 /* Main.storyboard in Resources */ = {isa = PBXBuildFile; fileRef = FBB3BE972CECFCBF00FF4099 /* Main.storyboard */; };
		FBB3BE9B2CECFCC000FF4099 /* Assets.xcassets in Resources */ = {isa = PBXBuildFile; fileRef = FBB3BE9A2CECFCC000FF4099 /* Assets.xcassets */; };
		FBB3BE9E2CECFCC000FF4099 /* LaunchScreen.storyboard in Resources */ = {isa = PBXBuildFile; fileRef = FBB3BE9C2CECFCC000FF4099 /* LaunchScreen.storyboard */; };
		FBB3BEA62CECFF3800FF4099 /* cell.swift in Sources */ = {isa = PBXBuildFile; fileRef = FBB3BEA52CECFF3800FF4099 /* cell.swift */; };
		FBB3BEA82CECFF8F00FF4099 /* estructura.swift in Sources */ = {isa = PBXBuildFile; fileRef = FBB3BEA72CECFF8F00FF4099 /* estructura.swift */; };
/* End PBXBuildFile section */

/* Begin PBXFileReference section */
		FBB3BE8E2CECFCBF00FF4099 /* adelantorap.app */ = {isa = PBXFileReference; explicitFileType = wrapper.application; includeInIndex = 0; path = adelantorap.app; sourceTree = BUILT_PRODUCTS_DIR; };
		FBB3BE912CECFCBF00FF4099 /* AppDelegate.swift */ = {isa = PBXFileReference; lastKnownFileType = sourcecode.swift; path = AppDelegate.swift; sourceTree = "<group>"; };
		FBB3BE932CECFCBF00FF4099 /* SceneDelegate.swift */ = {isa = PBXFileReference; lastKnownFileType = sourcecode.swift; path = SceneDelegate.swift; sourceTree = "<group>"; };
		FBB3BE952CECFCBF00FF4099 /* ViewController.swift */ = {isa = PBXFileReference; lastKnownFileType = sourcecode.swift; path = ViewController.swift; sourceTree = "<group>"; };
		FBB3BE982CECFCBF00FF4099 /* Base */ = {isa = PBXFileReference; lastKnownFileType = file.storyboard; name = Base; path = Base.lproj/Main.storyboard; sourceTree = "<group>"; };
		FBB3BE9A2CECFCC000FF4099 /* Assets.xcassets */ = {isa = PBXFileReference; lastKnownFileType = folder.assetcatalog; path = Assets.xcassets; sourceTree = "<group>"; };
		FBB3BE9D2CECFCC000FF4099 /* Base */ = {isa = PBXFileReference; lastKnownFileType = file.storyboard; name = Base; path = Base.lproj/LaunchScreen.storyboard; sourceTree = "<group>"; };
		FBB3BE9F2CECFCC000FF4099 /* Info.plist */ = {isa = PBXFileReference; lastKnownFileType = text.plist.xml; path = Info.plist; sourceTree = "<group>"; };
		FBB3BEA52CECFF3800FF4099 /* cell.swift */ = {isa = PBXFileReference; lastKnownFileType = sourcecode.swift; path = cell.swift; sourceTree = "<group>"; };
		FBB3BEA72CECFF8F00FF4099 /* estructura.swift */ = {isa = PBXFileReference; lastKnownFileType = sourcecode.swift; path = estructura.swift; sourceTree = "<group>"; };
/* End PBXFileReference section */

/* Begin PBXFrameworksBuildPhase section */
		FBB3BE8B2CECFCBF00FF4099 /* Frameworks */ = {
			isa = PBXFrameworksBuildPhase;
			buildActionMask = 2147483647;
			files = (
			);
			runOnlyForDeploymentPostprocessing = 0;
		};
/* End PBXFrameworksBuildPhase section */

/* Begin PBXGroup section */
		FBB3BE852CECFCBF00FF4099 = {
			isa = PBXGroup;
			children = (
				FBB3BE902CECFCBF00FF4099 /* adelantorap */,
				FBB3BE8F2CECFCBF00FF4099 /* Products */,
			);
			sourceTree = "<group>";
		};
		FBB3BE8F2CECFCBF00FF4099 /* Products */ = {
			isa = PBXGroup;
			children = (
				FBB3BE8E2CECFCBF00FF4099 /* adelantorap.app */,
			);
			name = Products;
			sourceTree = "<group>";
		};
		FBB3BE902CECFCBF00FF4099 /* adelantorap */ = {
			isa = PBXGroup;
			children = (
				FBB3BE912CECFCBF00FF4099 /* AppDelegate.swift */,
				FBB3BE932CECFCBF00FF4099 /* SceneDelegate.swift */,
				FBB3BE952CECFCBF00FF4099 /* ViewController.swift */,
				FBB3BE972CECFCBF00FF4099 /* Main.storyboard */,
				FBB3BE9A2CECFCC000FF4099 /* Assets.xcassets */,
				FBB3BE9C2CECFCC000FF4099 /* LaunchScreen.storyboard */,
				FBB3BE9F2CECFCC000FF4099 /* Info.plist */,
				FBB3BEA52CECFF3800FF4099 /* cell.swift */,
				FBB3BEA72CECFF8F00FF4099 /* estructura.swift */,
			);
			path = adelantorap;
			sourceTree = "<group>";
		};
/* End PBXGroup section */

/* Begin PBXNativeTarget section */
		FBB3BE8D2CECFCBF00FF4099 /* adelantorap */ = {
			isa = PBXNativeTarget;
			buildConfigurationList = FBB3BEA22CECFCC000FF4099 /* Build configuration list for PBXNativeTarget "adelantorap" */;
			buildPhases = (
				FBB3BE8A2CECFCBF00FF4099 /* Sources */,
				FBB3BE8B2CECFCBF00FF4099 /* Frameworks */,
				FBB3BE8C2CECFCBF00FF4099 /* Resources */,
			);
			buildRules = (
			);
			dependencies = (
			);
			name = adelantorap;
			productName = adelantorap;
			productReference = FBB3BE8E2CECFCBF00FF4099 /* adelantorap.app */;
			productType = "com.apple.product-type.application";
		};
/* End PBXNativeTarget section */

/* Begin PBXProject section */
		FBB3BE862CECFCBF00FF4099 /* Project object */ = {
			isa = PBXProject;
			attributes = {
				BuildIndependentTargetsInParallel = 1;
				LastSwiftUpdateCheck = 1500;
				LastUpgradeCheck = 1500;
				TargetAttributes = {
					FBB3BE8D2CECFCBF00FF4099 = {
						CreatedOnToolsVersion = 15.0;
					};
				};
			};
			buildConfigurationList = FBB3BE892CECFCBF00FF4099 /* Build configuration list for PBXProject "adelantorap" */;
			compatibilityVersion = "Xcode 14.0";
			developmentRegion = en;
			hasScannedForEncodings = 0;
			knownRegions = (
				en,
				Base,
			);
			mainGroup = FBB3BE852CECFCBF00FF4099;
			productRefGroup = FBB3BE8F2CECFCBF00FF4099 /* Products */;
			projectDirPath = "";
			projectRoot = "";
			targets = (
				FBB3BE8D2CECFCBF00FF4099 /* adelantorap */,
			);
		};
/* End PBXProject section */

/* Begin PBXResourcesBuildPhase section */
		FBB3BE8C2CECFCBF00FF4099 /* Resources */ = {
			isa = PBXResourcesBuildPhase;
			buildActionMask = 2147483647;
			files = (
				FBB3BE9E2CECFCC000FF4099 /* LaunchScreen.storyboard in Resources */,
				FBB3BE9B2CECFCC000FF4099 /* Assets.xcassets in Resources */,
				FBB3BE992CECFCBF00FF4099 /* Main.storyboard in Resources */,
			);
			runOnlyForDeploymentPostprocessing = 0;
		};
/* End PBXResourcesBuildPhase section */

/* Begin PBXSourcesBuildPhase section */
		FBB3BE8A2CECFCBF00FF4099 /* Sources */ = {
			isa = PBXSourcesBuildPhase;
			buildActionMask = 2147483647;
			files = (
				FBB3BEA82CECFF8F00FF4099 /* estructura.swift in Sources */,
				FBB3BE962CECFCBF00FF4099 /* ViewController.swift in Sources */,
				FBB3BEA62CECFF3800FF4099 /* cell.swift in Sources */,
				FBB3BE922CECFCBF00FF4099 /* AppDelegate.swift in Sources */,
				FBB3BE942CECFCBF00FF4099 /* SceneDelegate.swift in Sources */,
			);
			runOnlyForDeploymentPostprocessing = 0;
		};
/* End PBXSourcesBuildPhase section */

/* Begin PBXVariantGroup section */
		FBB3BE972CECFCBF00FF4099 /* Main.storyboard */ = {
			isa = PBXVariantGroup;
			children = (
				FBB3BE982CECFCBF00FF4099 /* Base */,
			);
			name = Main.storyboard;
			sourceTree = "<group>";
		};
		FBB3BE9C2CECFCC000FF4099 /* LaunchScreen.storyboard */ = {
			isa = PBXVariantGroup;
			children = (
				FBB3BE9D2CECFCC000FF4099 /* Base */,
			);
			name = LaunchScreen.storyboard;
			sourceTree = "<group>";
		};
/* End PBXVariantGroup section */

/* Begin XCBuildConfiguration section */
		FBB3BEA02CECFCC000FF4099 /* Debug */ = {
			isa = XCBuildConfiguration;
			buildSettings = {
				ALWAYS_SEARCH_USER_PATHS = NO;
				ASSETCATALOG_COMPILER_GENERATE_SWIFT_ASSET_SYMBOL_EXTENSIONS = YES;
				CLANG_ANALYZER_NONNULL = YES;
				CLANG_ANALYZER_NUMBER_OBJECT_CONVERSION = YES_AGGRESSIVE;
				CLANG_CXX_LANGUAGE_STANDARD = "gnu++20";
				CLANG_ENABLE_MODULES = YES;
				CLANG_ENABLE_OBJC_ARC = YES;
				CLANG_ENABLE_OBJC_WEAK = YES;
				CLANG_WARN_BLOCK_CAPTURE_AUTORELEASING = YES;
				CLANG_WARN_BOOL_CONVERSION = YES;
				CLANG_WARN_COMMA = YES;
				CLANG_WARN_CONSTANT_CONVERSION = YES;
				CLANG_WARN_DEPRECATED_OBJC_IMPLEMENTATIONS = YES;
				CLANG_WARN_DIRECT_OBJC_ISA_USAGE = YES_ERROR;
				CLANG_WARN_DOCUMENTATION_COMMENTS = YES;
				CLANG_WARN_EMPTY_BODY = YES;
				CLANG_WARN_ENUM_CONVERSION = YES;
				CLANG_WARN_INFINITE_RECURSION = YES;
				CLANG_WARN_INT_CONVERSION = YES;
				CLANG_WARN_NON_LITERAL_NULL_CONVERSION = YES;
				CLANG_WARN_OBJC_IMPLICIT_RETAIN_SELF = YES;
				CLANG_WARN_OBJC_LITERAL_CONVERSION = YES;
				CLANG_WARN_OBJC_ROOT_CLASS = YES_ERROR;
				CLANG_WARN_QUOTED_INCLUDE_IN_FRAMEWORK_HEADER = YES;
				CLANG_WARN_RANGE_LOOP_ANALYSIS = YES;
				CLANG_WARN_STRICT_PROTOTYPES = YES;
				CLANG_WARN_SUSPICIOUS_MOVE = YES;
				CLANG_WARN_UNGUARDED_AVAILABILITY = YES_AGGRESSIVE;
				CLANG_WARN_UNREACHABLE_CODE = YES;
				CLANG_WARN__DUPLICATE_METHOD_MATCH = YES;
				COPY_PHASE_STRIP = NO;
				DEBUG_INFORMATION_FORMAT = dwarf;
				ENABLE_STRICT_OBJC_MSGSEND = YES;
				ENABLE_TESTABILITY = YES;
				ENABLE_USER_SCRIPT_SANDBOXING = YES;
				GCC_C_LANGUAGE_STANDARD = gnu17;
				GCC_DYNAMIC_NO_PIC = NO;
				GCC_NO_COMMON_BLOCKS = YES;
				GCC_OPTIMIZATION_LEVEL = 0;
				GCC_PREPROCESSOR_DEFINITIONS = (
					"DEBUG=1",
					"$(inherited)",
				);
				GCC_WARN_64_TO_32_BIT_CONVERSION = YES;
				GCC_WARN_ABOUT_RETURN_TYPE = YES_ERROR;
				GCC_WARN_UNDECLARED_SELECTOR = YES;
				GCC_WARN_UNINITIALIZED_AUTOS = YES_AGGRESSIVE;
				GCC_WARN_UNUSED_FUNCTION = YES;
				GCC_WARN_UNUSED_VARIABLE = YES;
				IPHONEOS_DEPLOYMENT_TARGET = 17.0;
				LOCALIZATION_PREFERS_STRING_CATALOGS = YES;
				MTL_ENABLE_DEBUG_INFO = INCLUDE_SOURCE;
				MTL_FAST_MATH = YES;
				ONLY_ACTIVE_ARCH = YES;
				SDKROOT = iphoneos;
				SWIFT_ACTIVE_COMPILATION_CONDITIONS = "DEBUG $(inherited)";
				SWIFT_OPTIMIZATION_LEVEL = "-Onone";
			};
			name = Debug;
		};
		FBB3BEA12CECFCC000FF4099 /* Release */ = {
			isa = XCBuildConfiguration;
			buildSettings = {
				ALWAYS_SEARCH_USER_PATHS = NO;
				ASSETCATALOG_COMPILER_GENERATE_SWIFT_ASSET_SYMBOL_EXTENSIONS = YES;
				CLANG_ANALYZER_NONNULL = YES;
				CLANG_ANALYZER_NUMBER_OBJECT_CONVERSION = YES_AGGRESSIVE;
				CLANG_CXX_LANGUAGE_STANDARD = "gnu++20";
				CLANG_ENABLE_MODULES = YES;
				CLANG_ENABLE_OBJC_ARC = YES;
				CLANG_ENABLE_OBJC_WEAK = YES;
				CLANG_WARN_BLOCK_CAPTURE_AUTORELEASING = YES;
				CLANG_WARN_BOOL_CONVERSION = YES;
				CLANG_WARN_COMMA = YES;
				CLANG_WARN_CONSTANT_CONVERSION = YES;
				CLANG_WARN_DEPRECATED_OBJC_IMPLEMENTATIONS = YES;
				CLANG_WARN_DIRECT_OBJC_ISA_USAGE = YES_ERROR;
				CLANG_WARN_DOCUMENTATION_COMMENTS = YES;
				CLANG_WARN_EMPTY_BODY = YES;
				CLANG_WARN_ENUM_CONVERSION = YES;
				CLANG_WARN_INFINITE_RECURSION = YES;
				CLANG_WARN_INT_CONVERSION = YES;
				CLANG_WARN_NON_LITERAL_NULL_CONVERSION = YES;
				CLANG_WARN_OBJC_IMPLICIT_RETAIN_SELF = YES;
				CLANG_WARN_OBJC_LITERAL_CONVERSION = YES;
				CLANG_WARN_OBJC_ROOT_CLASS = YES_ERROR;
				CLANG_WARN_QUOTED_INCLUDE_IN_FRAMEWORK_HEADER = YES;
				CLANG_WARN_RANGE_LOOP_ANALYSIS = YES;
				CLANG_WARN_STRICT_PROTOTYPES = YES;
				CLANG_WARN_SUSPICIOUS_MOVE = YES;
				CLANG_WARN_UNGUARDED_AVAILABILITY = YES_AGGRESSIVE;
				CLANG_WARN_UNREACHABLE_CODE = YES;
				CLANG_WARN__DUPLICATE_METHOD_MATCH = YES;
				COPY_PHASE_STRIP = NO;
				DEBUG_INFORMATION_FORMAT = "dwarf-with-dsym";
				ENABLE_NS_ASSERTIONS = NO;
				ENABLE_STRICT_OBJC_MSGSEND = YES;
				ENABLE_USER_SCRIPT_SANDBOXING = YES;
				GCC_C_LANGUAGE_STANDARD = gnu17;
				GCC_NO_COMMON_BLOCKS = YES;
				GCC_WARN_64_TO_32_BIT_CONVERSION = YES;
				GCC_WARN_ABOUT_RETURN_TYPE = YES_ERROR;
				GCC_WARN_UNDECLARED_SELECTOR = YES;
				GCC_WARN_UNINITIALIZED_AUTOS = YES_AGGRESSIVE;
				GCC_WARN_UNUSED_FUNCTION = YES;
				GCC_WARN_UNUSED_VARIABLE = YES;
				IPHONEOS_DEPLOYMENT_TARGET = 17.0;
				LOCALIZATION_PREFERS_STRING_CATALOGS = YES;
				MTL_ENABLE_DEBUG_INFO = NO;
				MTL_FAST_MATH = YES;
				SDKROOT = iphoneos;
				SWIFT_COMPILATION_MODE = wholemodule;
				VALIDATE_PRODUCT = YES;
			};
			name = Release;
		};
		FBB3BEA32CECFCC000FF4099 /* Debug */ = {
			isa = XCBuildConfiguration;
			buildSettings = {
				ASSETCATALOG_COMPILER_APPICON_NAME = AppIcon;
				ASSETCATALOG_COMPILER_GLOBAL_ACCENT_COLOR_NAME = AccentColor;
				CODE_SIGN_STYLE = Automatic;
				CURRENT_PROJECT_VERSION = 1;
				GENERATE_INFOPLIST_FILE = YES;
				INFOPLIST_FILE = adelantorap/Info.plist;
				INFOPLIST_KEY_UIApplicationSupportsIndirectInputEvents = YES;
				INFOPLIST_KEY_UILaunchStoryboardName = LaunchScreen;
				INFOPLIST_KEY_UIMainStoryboardFile = Main;
				INFOPLIST_KEY_UISupportedInterfaceOrientations_iPad = "UIInterfaceOrientationPortrait UIInterfaceOrientationPortraitUpsideDown UIInterfaceOrientationLandscapeLeft UIInterfaceOrientationLandscapeRight";
				INFOPLIST_KEY_UISupportedInterfaceOrientations_iPhone = "UIInterfaceOrientationPortrait UIInterfaceOrientationLandscapeLeft UIInterfaceOrientationLandscapeRight";
				LD_RUNPATH_SEARCH_PATHS = (
					"$(inherited)",
					"@executable_path/Frameworks",
				);
				MARKETING_VERSION = 1.0;
				PRODUCT_BUNDLE_IDENTIFIER = unam.adelantorap;
				PRODUCT_NAME = "$(TARGET_NAME)";
				SWIFT_EMIT_LOC_STRINGS = YES;
				SWIFT_VERSION = 5.0;
				TARGETED_DEVICE_FAMILY = "1,2";
			};
			name = Debug;
		};
		FBB3BEA42CECFCC000FF4099 /* Release */ = {
			isa = XCBuildConfiguration;
			buildSettings = {
				ASSETCATALOG_COMPILER_APPICON_NAME = AppIcon;
				ASSETCATALOG_COMPILER_GLOBAL_ACCENT_COLOR_NAME = AccentColor;
				CODE_SIGN_STYLE = Automatic;
				CURRENT_PROJECT_VERSION = 1;
				GENERATE_INFOPLIST_FILE = YES;
				INFOPLIST_FILE = adelantorap/Info.plist;
				INFOPLIST_KEY_UIApplicationSupportsIndirectInputEvents = YES;
				INFOPLIST_KEY_UILaunchStoryboardName = LaunchScreen;
				INFOPLIST_KEY_UIMainStoryboardFile = Main;
				INFOPLIST_KEY_UISupportedInterfaceOrientations_iPad = "UIInterfaceOrientationPortrait UIInterfaceOrientationPortraitUpsideDown UIInterfaceOrientationLandscapeLeft UIInterfaceOrientationLandscapeRight";
				INFOPLIST_KEY_UISupportedInterfaceOrientations_iPhone = "UIInterfaceOrientationPortrait UIInterfaceOrientationLandscapeLeft UIInterfaceOrientationLandscapeRight";
				LD_RUNPATH_SEARCH_PATHS = (
					"$(inherited)",
					"@executable_path/Frameworks",
				);
				MARKETING_VERSION = 1.0;
				PRODUCT_BUNDLE_IDENTIFIER = unam.adelantorap;
				PRODUCT_NAME = "$(TARGET_NAME)";
				SWIFT_EMIT_LOC_STRINGS = YES;
				SWIFT_VERSION = 5.0;
				TARGETED_DEVICE_FAMILY = "1,2";
			};
			name = Release;
		};
/* End XCBuildConfiguration section */

/* Begin XCConfigurationList section */
		FBB3BE892CECFCBF00FF4099 /* Build configuration list for PBXProject "adelantorap" */ = {
			isa = XCConfigurationList;
			buildConfigurations = (
				FBB3BEA02CECFCC000FF4099 /* Debug */,
				FBB3BEA12CECFCC000FF4099 /* Release */,
			);
			defaultConfigurationIsVisible = 0;
			defaultConfigurationName = Release;
		};
		FBB3BEA22CECFCC000FF4099 /* Build configuration list for PBXNativeTarget "adelantorap" */ = {
			isa = XCConfigurationList;
			buildConfigurations = (
				FBB3BEA32CECFCC000FF4099 /* Debug */,
				FBB3BEA42CECFCC000FF4099 /* Release */,
			);
			defaultConfigurationIsVisible = 0;
			defaultConfigurationName = Release;
		};
/* End XCConfigurationList section */
	};
	rootObject = FBB3BE862CECFCBF00FF4099 /* Project object */;
}
